
Microsoft Visual Studio Solution File, Format Version 12.00
# Visual Studio Version 17
VisualStudioVersion = 17.9.34607.119
MinimumVisualStudioVersion = 10.0.40219.1
Project("{FAE04EC0-301F-11D3-BF4B-00C04F79EFBC}") = "meme-generator", "meme-generator.csproj", "{642AAABC-047A-431C-B6E9-E3B321EB807D}"
EndProject
Global
	GlobalSection(SolutionConfigurationPlatforms) = preSolution
		Debug|Any CPU = Debug|Any CPU
		Release|Any CPU = Release|Any CPU
	EndGlobalSection
	GlobalSection(ProjectConfigurationPlatforms) = postSolution
		{642AAABC-047A-431C-B6E9-E3B321EB807D}.Debug|Any CPU.ActiveCfg = Debug|Any CPU
		{642AAABC-047A-431C-B6E9-E3B321EB807D}.Debug|Any CPU.Build.0 = Debug|Any CPU
		{642AAABC-047A-431C-B6E9-E3B321EB807D}.Release|Any CPU.ActiveCfg = Release|Any CPU
		{642AAABC-047A-431C-B6E9-E3B321EB807D}.Release|Any CPU.Build.0 = Release|Any CPU
	EndGlobalSection
	GlobalSection(SolutionProperties) = preSolution
		HideSolutionNode = FALSE
	EndGlobalSection
	GlobalSection(ExtensibilityGlobals) = postSolution
		SolutionGuid = {45645DA8-E364-4279-A701-70DF923813EE}
	EndGlobalSection
EndGlobal
